
Microsoft Visual Studio Solution File, Format Version 12.00
# Visual Studio Version 17
VisualStudioVersion = 17.11.35303.130
MinimumVisualStudioVersion = 10.0.40219.1
Project("{FAE04EC0-301F-11D3-BF4B-00C04F79EFBC}") = "HistorianSdkUtilities", "HistorianSdkUtilities\HistorianSdkUtilities.csproj", "{A36AD4BB-E3D5-4D01-86E5-E8ADC1318B9D}"
EndProject
Global
	GlobalSection(SolutionConfigurationPlatforms) = preSolution
		Debug|Any CPU = Debug|Any CPU
		Release|Any CPU = Release|Any CPU
	EndGlobalSection
	GlobalSection(ProjectConfigurationPlatforms) = postSolution
		{A36AD4BB-E3D5-4D01-86E5-E8ADC1318B9D}.Debug|Any CPU.ActiveCfg = Debug|Any CPU
		{A36AD4BB-E3D5-4D01-86E5-E8ADC1318B9D}.Debug|Any CPU.Build.0 = Debug|Any CPU
		{A36AD4BB-E3D5-4D01-86E5-E8ADC1318B9D}.Release|Any CPU.ActiveCfg = Release|Any CPU
		{A36AD4BB-E3D5-4D01-86E5-E8ADC1318B9D}.Release|Any CPU.Build.0 = Release|Any CPU
	EndGlobalSection
	GlobalSection(SolutionProperties) = preSolution
		HideSolutionNode = FALSE
	EndGlobalSection
	GlobalSection(ExtensibilityGlobals) = postSolution
		SolutionGuid = {FBF7EA30-9121-4110-A0E9-6B0329EC1BC4}
	EndGlobalSection
EndGlobal
